
Microsoft Visual Studio Solution File, Format Version 12.00
# Visual Studio Version 16
VisualStudioVersion = 16.0.29001.49
MinimumVisualStudioVersion = 10.0.40219.1
Project("{FAE04EC0-301F-11D3-BF4B-00C04F79EFBC}") = "WindowsFormsApp1", "WindowsFormsApp1\WindowsFormsApp1.csproj", "{7F5F563D-FE1E-462E-9028-E9E36F9ED10E}"
EndProject
Global
	GlobalSection(SolutionConfigurationPlatforms) = preSolution
		Debug|Any CPU = Debug|Any CPU
		Release|Any CPU = Release|Any CPU
	EndGlobalSection
	GlobalSection(ProjectConfigurationPlatforms) = postSolution
		{7F5F563D-FE1E-462E-9028-E9E36F9ED10E}.Debug|Any CPU.ActiveCfg = Debug|Any CPU
		{7F5F563D-FE1E-462E-9028-E9E36F9ED10E}.Debug|Any CPU.Build.0 = Debug|Any CPU
		{7F5F563D-FE1E-462E-9028-E9E36F9ED10E}.Release|Any CPU.ActiveCfg = Release|Any CPU
		{7F5F563D-FE1E-462E-9028-E9E36F9ED10E}.Release|Any CPU.Build.0 = Release|Any CPU
	EndGlobalSection
	GlobalSection(SolutionProperties) = preSolution
		HideSolutionNode = FALSE
	EndGlobalSection
	GlobalSection(ExtensibilityGlobals) = postSolution
		SolutionGuid = {1FCDBC4D-D574-4541-AB05-11509C692464}
	EndGlobalSection
EndGlobal
